
Microsoft Visual Studio Solution File, Format Version 12.00
# Visual Studio Version 17
VisualStudioVersion = 17.5.33530.505
MinimumVisualStudioVersion = 10.0.40219.1
Project("{FAE04EC0-301F-11D3-BF4B-00C04F79EFBC}") = "TGMT-CBTC-EX", "TGMT-CBTC-EX\TGMT-CBTC-EX.csproj", "{A18C1921-1E03-4FE8-A6ED-6C1FC2209F5F}"
EndProject
Project("{FAE04EC0-301F-11D3-BF4B-00C04F79EFBC}") = "TGMT-CBTC-EX_WCU", "TGMT-CBTC-EX_WCU\TGMT-CBTC-EX_WCU.csproj", "{AB7EE309-F15F-4AD4-A658-D0DD210627CE}"
EndProject
Global
	GlobalSection(SolutionConfigurationPlatforms) = preSolution
		Debug|Any CPU = Debug|Any CPU
		Release|Any CPU = Release|Any CPU
	EndGlobalSection
	GlobalSection(ProjectConfigurationPlatforms) = postSolution
		{A18C1921-1E03-4FE8-A6ED-6C1FC2209F5F}.Debug|Any CPU.ActiveCfg = Debug|Any CPU
		{A18C1921-1E03-4FE8-A6ED-6C1FC2209F5F}.Debug|Any CPU.Build.0 = Debug|Any CPU
		{A18C1921-1E03-4FE8-A6ED-6C1FC2209F5F}.Release|Any CPU.ActiveCfg = Release|Any CPU
		{A18C1921-1E03-4FE8-A6ED-6C1FC2209F5F}.Release|Any CPU.Build.0 = Release|Any CPU
		{AB7EE309-F15F-4AD4-A658-D0DD210627CE}.Debug|Any CPU.ActiveCfg = Debug|Any CPU
		{AB7EE309-F15F-4AD4-A658-D0DD210627CE}.Debug|Any CPU.Build.0 = Debug|Any CPU
		{AB7EE309-F15F-4AD4-A658-D0DD210627CE}.Release|Any CPU.ActiveCfg = Release|Any CPU
		{AB7EE309-F15F-4AD4-A658-D0DD210627CE}.Release|Any CPU.Build.0 = Release|Any CPU
	EndGlobalSection
	GlobalSection(SolutionProperties) = preSolution
		HideSolutionNode = FALSE
	EndGlobalSection
	GlobalSection(ExtensibilityGlobals) = postSolution
		SolutionGuid = {D5C3925A-AD5D-4C5F-B014-0ACBA48E20AF}
	EndGlobalSection
EndGlobal
